dependencies:
  alarm_timer:
    dependencies: []
    source:
      path: C:\Users\Mmiud\Documents\IoT-Project\utils\alarm_timer
      type: local
    version: '*'
  espressif/esp-serial-flasher:
    component_hash: 4145e00567da533fc60fe176d58df646e4ee20cf066820c236c3bed34ca0d2c3
    dependencies:
    - name: idf
      require: private
      version: '>=4.3'
    - name: espressif/usb_host_cdc_acm
      registry_url: https://components.espressif.com
      require: private
      rules:
      - if: idf_version >=4.4
      - if: target in [esp32s2, esp32s3]
      version: ^2
    source:
      registry_url: https://components.espressif.com/
      type: service
    version: 1.8.0
  espressif/esp-zigbee-lib:
    component_hash: 823ee1604d896bdcfd3d5dbe2b1eb84fdf089cffcbbe50e46d01d647861710ba
    dependencies:
    - name: idf
      require: private
      version: '>=5.0'
    source:
      registry_url: https://components.espressif.com/
      type: service
    version: 2.0.0
  espressif/esp_rcp_update:
    component_hash: 743cf2528dbd992590eb8e4dd8133f9486a3a55fc3837afed438e60a62b05267
    dependencies:
    - name: espressif/esp-serial-flasher
      registry_url: https://components.espressif.com
      require: private
      version: ^1.8.0
    - name: idf
      require: private
      version: '>=5.0'
    source:
      registry_url: https://components.espressif.com/
      type: service
    version: 1.6.1
  espressif/led_strip:
    component_hash: 7e92a0c8a2e35b40904f88e88ce3c0dffff504a2763f70fba7ef4787cf2eec83
    dependencies:
    - name: idf
      require: private
      version: '>=5.0'
    source:
      registry_url: https://components.espressif.com/
      type: service
    version: 2.0.0
  idf:
    source:
      type: idf
    version: 5.5.4
  light_driver:
    dependencies: []
    source:
      path: C:\Users\Mmiud\Documents\IoT-Project\utils\light_driver
      type: local
    version: '*'
  protocol_examples_common:
    dependencies: []
    source:
      path: C:\esp\esp-idf\v5.5.4\esp-idf\examples\common_components\protocol_examples_common
      type: local
    version: '*'
direct_dependencies:
- alarm_timer
- espressif/esp-serial-flasher
- espressif/esp-zigbee-lib
- espressif/esp_rcp_update
- espressif/led_strip
- idf
- light_driver
- protocol_examples_common
manifest_hash: 5e24fb977ee0a460a0f62c6b2422da6399bdacece52e03169b82930a1179382c
target: esp32c6
version: 2.0.0
